
Microsoft Visual Studio Solution File, Format Version 12.00
# Visual Studio Version 17
VisualStudioVersion = 17.5.33516.290
MinimumVisualStudioVersion = 10.0.40219.1
Project("{FAE04EC0-301F-11D3-BF4B-00C04F79EFBC}") = "Task3", "Task3.csproj", "{EF7687EF-911E-49BF-8378-BEF178E3E698}"
EndProject
Global
	GlobalSection(SolutionConfigurationPlatforms) = preSolution
		Debug|Any CPU = Debug|Any CPU
		Release|Any CPU = Release|Any CPU
	EndGlobalSection
	GlobalSection(ProjectConfigurationPlatforms) = postSolution
		{EF7687EF-911E-49BF-8378-BEF178E3E698}.Debug|Any CPU.ActiveCfg = Debug|Any CPU
		{EF7687EF-911E-49BF-8378-BEF178E3E698}.Debug|Any CPU.Build.0 = Debug|Any CPU
		{EF7687EF-911E-49BF-8378-BEF178E3E698}.Release|Any CPU.ActiveCfg = Release|Any CPU
		{EF7687EF-911E-49BF-8378-BEF178E3E698}.Release|Any CPU.Build.0 = Release|Any CPU
	EndGlobalSection
	GlobalSection(SolutionProperties) = preSolution
		HideSolutionNode = FALSE
	EndGlobalSection
	GlobalSection(ExtensibilityGlobals) = postSolution
		SolutionGuid = {27DFB673-28E3-4DE2-9928-ACEAF88ECB78}
	EndGlobalSection
EndGlobal
